
Microsoft Visual Studio Solution File, Format Version 12.00
# Visual Studio Version 16
VisualStudioVersion = 16.0.31321.278
MinimumVisualStudioVersion = 10.0.40219.1
Project("{FAE04EC0-301F-11D3-BF4B-00C04F79EFBC}") = "T03_05_variables", "T03_05_variables.csproj", "{19268C69-78EF-4298-96E3-42C87CF7A891}"
EndProject
Global
	GlobalSection(SolutionConfigurationPlatforms) = preSolution
		Debug|Any CPU = Debug|Any CPU
		Release|Any CPU = Release|Any CPU
	EndGlobalSection
	GlobalSection(ProjectConfigurationPlatforms) = postSolution
		{19268C69-78EF-4298-96E3-42C87CF7A891}.Debug|Any CPU.ActiveCfg = Debug|Any CPU
		{19268C69-78EF-4298-96E3-42C87CF7A891}.Debug|Any CPU.Build.0 = Debug|Any CPU
		{19268C69-78EF-4298-96E3-42C87CF7A891}.Release|Any CPU.ActiveCfg = Release|Any CPU
		{19268C69-78EF-4298-96E3-42C87CF7A891}.Release|Any CPU.Build.0 = Release|Any CPU
	EndGlobalSection
	GlobalSection(SolutionProperties) = preSolution
		HideSolutionNode = FALSE
	EndGlobalSection
	GlobalSection(ExtensibilityGlobals) = postSolution
		SolutionGuid = {919E82FE-058B-43CF-AD6D-4B7FAF174E23}
	EndGlobalSection
EndGlobal
